
Microsoft Visual Studio Solution File, Format Version 12.00
# Visual Studio Version 17
VisualStudioVersion = 17.4.33213.308
MinimumVisualStudioVersion = 10.0.40219.1
Project("{FAE04EC0-301F-11D3-BF4B-00C04F79EFBC}") = "Explode", "Explode\Explode.csproj", "{970383F4-B840-4638-A0BB-3D7CD7135D3A}"
EndProject
Global
	GlobalSection(SolutionConfigurationPlatforms) = preSolution
		Debug|Any CPU = Debug|Any CPU
		Release|Any CPU = Release|Any CPU
	EndGlobalSection
	GlobalSection(ProjectConfigurationPlatforms) = postSolution
		{970383F4-B840-4638-A0BB-3D7CD7135D3A}.Debug|Any CPU.ActiveCfg = Debug|Any CPU
		{970383F4-B840-4638-A0BB-3D7CD7135D3A}.Debug|Any CPU.Build.0 = Debug|Any CPU
		{970383F4-B840-4638-A0BB-3D7CD7135D3A}.Release|Any CPU.ActiveCfg = Release|Any CPU
		{970383F4-B840-4638-A0BB-3D7CD7135D3A}.Release|Any CPU.Build.0 = Release|Any CPU
	EndGlobalSection
	GlobalSection(SolutionProperties) = preSolution
		HideSolutionNode = FALSE
	EndGlobalSection
	GlobalSection(ExtensibilityGlobals) = postSolution
		SolutionGuid = {75DC1CB4-5D34-40A6-A59E-D93FB0B69FA5}
	EndGlobalSection
EndGlobal
